{
  "name": "cyr2lat",
  "version": "1.0.2",
  "lockfileVersion": 1,
  "requires": true,
  "dependencies": {
    "rollup": {
      "version": "0.56.2",
      "resolved": "https://registry.npmjs.org/rollup/-/rollup-0.56.2.tgz",
      "integrity": "sha512-vZIn0P+xA1glmc4DwRsUC9ce6SSE5gZT2YKaRiSYHwJXHcRtXWHOvrY2NtUR8Gk+EoszyyoXMfw9OrYCCKCYCA==",
      "dev": true
    }
  }
}
